
Microsoft Visual Studio Solution File, Format Version 12.00
# Visual Studio 15
VisualStudioVersion = 15.0.28010.2046
MinimumVisualStudioVersion = 10.0.40219.1
Project("{8BC9CEB8-8B4A-11D0-8D11-00A0C91BC942}") = "queue", "KryukovS queue\KryukovS queue.vcxproj", "{AE76B3B1-E5D4-4FC0-B9A8-4AF1FA60605B}"
EndProject
Project("{8BC9CEB8-8B4A-11D0-8D11-00A0C91BC942}") = "queue_test", "base_test\base_test.vcxproj", "{65E9BB79-E95D-478E-8A7E-912175814C3D}"
EndProject
Project("{8BC9CEB8-8B4A-11D0-8D11-00A0C91BC942}") = "gtest", "gtest\gtest.vcxproj", "{17DA761D-6B69-497F-8DF1-FD8EDD775072}"
EndProject
Global
	GlobalSection(SolutionConfigurationPlatforms) = preSolution
		Debug|x64 = Debug|x64
		Debug|x86 = Debug|x86
		Release|x64 = Release|x64
		Release|x86 = Release|x86
	EndGlobalSection
	GlobalSection(ProjectConfigurationPlatforms) = postSolution
		{AE76B3B1-E5D4-4FC0-B9A8-4AF1FA60605B}.Debug|x64.ActiveCfg = Debug|x64
		{AE76B3B1-E5D4-4FC0-B9A8-4AF1FA60605B}.Debug|x64.Build.0 = Debug|x64
		{AE76B3B1-E5D4-4FC0-B9A8-4AF1FA60605B}.Debug|x86.ActiveCfg = Debug|Win32
		{AE76B3B1-E5D4-4FC0-B9A8-4AF1FA60605B}.Debug|x86.Build.0 = Debug|Win32
		{AE76B3B1-E5D4-4FC0-B9A8-4AF1FA60605B}.Release|x64.ActiveCfg = Release|x64
		{AE76B3B1-E5D4-4FC0-B9A8-4AF1FA60605B}.Release|x64.Build.0 = Release|x64
		{AE76B3B1-E5D4-4FC0-B9A8-4AF1FA60605B}.Release|x86.ActiveCfg = Release|Win32
		{AE76B3B1-E5D4-4FC0-B9A8-4AF1FA60605B}.Release|x86.Build.0 = Release|Win32
		{65E9BB79-E95D-478E-8A7E-912175814C3D}.Debug|x64.ActiveCfg = Debug|x64
		{65E9BB79-E95D-478E-8A7E-912175814C3D}.Debug|x64.Build.0 = Debug|x64
		{65E9BB79-E95D-478E-8A7E-912175814C3D}.Debug|x86.ActiveCfg = Debug|Win32
		{65E9BB79-E95D-478E-8A7E-912175814C3D}.Debug|x86.Build.0 = Debug|Win32
		{65E9BB79-E95D-478E-8A7E-912175814C3D}.Release|x64.ActiveCfg = Release|x64
		{65E9BB79-E95D-478E-8A7E-912175814C3D}.Release|x64.Build.0 = Release|x64
		{65E9BB79-E95D-478E-8A7E-912175814C3D}.Release|x86.ActiveCfg = Release|Win32
		{65E9BB79-E95D-478E-8A7E-912175814C3D}.Release|x86.Build.0 = Release|Win32
		{17DA761D-6B69-497F-8DF1-FD8EDD775072}.Debug|x64.ActiveCfg = Debug|x64
		{17DA761D-6B69-497F-8DF1-FD8EDD775072}.Debug|x64.Build.0 = Debug|x64
		{17DA761D-6B69-497F-8DF1-FD8EDD775072}.Debug|x86.ActiveCfg = Debug|Win32
		{17DA761D-6B69-497F-8DF1-FD8EDD775072}.Debug|x86.Build.0 = Debug|Win32
		{17DA761D-6B69-497F-8DF1-FD8EDD775072}.Release|x64.ActiveCfg = Release|x64
		{17DA761D-6B69-497F-8DF1-FD8EDD775072}.Release|x64.Build.0 = Release|x64
		{17DA761D-6B69-497F-8DF1-FD8EDD775072}.Release|x86.ActiveCfg = Release|Win32
		{17DA761D-6B69-497F-8DF1-FD8EDD775072}.Release|x86.Build.0 = Release|Win32
	EndGlobalSection
	GlobalSection(SolutionProperties) = preSolution
		HideSolutionNode = FALSE
	EndGlobalSection
	GlobalSection(ExtensibilityGlobals) = postSolution
		SolutionGuid = {E0C27E7E-0C4A-4BED-A356-92571EAD9AA4}
	EndGlobalSection
EndGlobal
